// !$*UTF8*$!
{
	archiveVersion = 1;
	classes = {
	};
	objectVersion = 52;
	objects = {

/* Begin PBXBuildFile section */
		363C648A25AB177E00BDF96E /* TitleHeaderCollectionReusableView.swift in Sources */ = {isa = PBXBuildFile; fileRef = 363C648925AB177E00BDF96E /* TitleHeaderCollectionReusableView.swift */; };
		36784D5B25ACB22E002B05ED /* Alamofire in Frameworks */ = {isa = PBXBuildFile; productRef = 36784D5A25ACB22E002B05ED /* Alamofire */; };
		36838CEC25A9DEC300AE937B /* CurrencyConverterPresenter.swift in Sources */ = {isa = PBXBuildFile; fileRef = 36838CE625A9DEC300AE937B /* CurrencyConverterPresenter.swift */; };
		36838CED25A9DEC300AE937B /* CurrencyConverterWorker.swift in Sources */ = {isa = PBXBuildFile; fileRef = 36838CE725A9DEC300AE937B /* CurrencyConverterWorker.swift */; };
		36838CEE25A9DEC300AE937B /* CurrencyConverterRouter.swift in Sources */ = {isa = PBXBuildFile; fileRef = 36838CE825A9DEC300AE937B /* CurrencyConverterRouter.swift */; };
		36838CEF25A9DEC300AE937B /* CurrencyConverterModels.swift in Sources */ = {isa = PBXBuildFile; fileRef = 36838CE925A9DEC300AE937B /* CurrencyConverterModels.swift */; };
		36838CF025A9DEC300AE937B /* CurrencyConverterViewController.swift in Sources */ = {isa = PBXBuildFile; fileRef = 36838CEA25A9DEC300AE937B /* CurrencyConverterViewController.swift */; };
		36838CF125A9DEC300AE937B /* CurrencyConverterInteractor.swift in Sources */ = {isa = PBXBuildFile; fileRef = 36838CEB25A9DEC300AE937B /* CurrencyConverterInteractor.swift */; };
		36838CF725A9FBB800AE937B /* Stevia in Frameworks */ = {isa = PBXBuildFile; productRef = 36838CF625A9FBB800AE937B /* Stevia */; };
		36838D0325AA072E00AE937B /* CurrencyConverterView.swift in Sources */ = {isa = PBXBuildFile; fileRef = 36838D0225AA072E00AE937B /* CurrencyConverterView.swift */; };
		36838D0E25AA470E00AE937B /* HorizontalBalanceCollectionViewCell.swift in Sources */ = {isa = PBXBuildFile; fileRef = 36838D0D25AA470D00AE937B /* HorizontalBalanceCollectionViewCell.swift */; };
		36838D1425AA742700AE937B /* CurrencyExchangeCollectionViewCell.swift in Sources */ = {isa = PBXBuildFile; fileRef = 36838D1325AA742700AE937B /* CurrencyExchangeCollectionViewCell.swift */; };
		369A38F325A9D5290052981F /* AppDelegate.swift in Sources */ = {isa = PBXBuildFile; fileRef = 369A38F225A9D5290052981F /* AppDelegate.swift */; };
		369A38F525A9D5290052981F /* SceneDelegate.swift in Sources */ = {isa = PBXBuildFile; fileRef = 369A38F425A9D5290052981F /* SceneDelegate.swift */; };
		369A38FC25A9D52C0052981F /* Assets.xcassets in Resources */ = {isa = PBXBuildFile; fileRef = 369A38FB25A9D52C0052981F /* Assets.xcassets */; };
		369A38FF25A9D52C0052981F /* LaunchScreen.storyboard in Resources */ = {isa = PBXBuildFile; fileRef = 369A38FD25A9D52C0052981F /* LaunchScreen.storyboard */; };
/* End PBXBuildFile section */

/* Begin PBXFileReference section */
		363C648925AB177E00BDF96E /* TitleHeaderCollectionReusableView.swift */ = {isa = PBXFileReference; lastKnownFileType = sourcecode.swift; path = TitleHeaderCollectionReusableView.swift; sourceTree = "<group>"; };
		36838CE625A9DEC300AE937B /* CurrencyConverterPresenter.swift */ = {isa = PBXFileReference; lastKnownFileType = sourcecode.swift; path = CurrencyConverterPresenter.swift; sourceTree = "<group>"; };
		36838CE725A9DEC300AE937B /* CurrencyConverterWorker.swift */ = {isa = PBXFileReference; lastKnownFileType = sourcecode.swift; path = CurrencyConverterWorker.swift; sourceTree = "<group>"; };
		36838CE825A9DEC300AE937B /* CurrencyConverterRouter.swift */ = {isa = PBXFileReference; lastKnownFileType = sourcecode.swift; path = CurrencyConverterRouter.swift; sourceTree = "<group>"; };
		36838CE925A9DEC300AE937B /* CurrencyConverterModels.swift */ = {isa = PBXFileReference; lastKnownFileType = sourcecode.swift; path = CurrencyConverterModels.swift; sourceTree = "<group>"; };
		36838CEA25A9DEC300AE937B /* CurrencyConverterViewController.swift */ = {isa = PBXFileReference; lastKnownFileType = sourcecode.swift; path = CurrencyConverterViewController.swift; sourceTree = "<group>"; };
		36838CEB25A9DEC300AE937B /* CurrencyConverterInteractor.swift */ = {isa = PBXFileReference; lastKnownFileType = sourcecode.swift; path = CurrencyConverterInteractor.swift; sourceTree = "<group>"; };
		36838D0225AA072E00AE937B /* CurrencyConverterView.swift */ = {isa = PBXFileReference; lastKnownFileType = sourcecode.swift; path = CurrencyConverterView.swift; sourceTree = "<group>"; };
		36838D0D25AA470D00AE937B /* HorizontalBalanceCollectionViewCell.swift */ = {isa = PBXFileReference; lastKnownFileType = sourcecode.swift; path = HorizontalBalanceCollectionViewCell.swift; sourceTree = "<group>"; };
		36838D1325AA742700AE937B /* CurrencyExchangeCollectionViewCell.swift */ = {isa = PBXFileReference; lastKnownFileType = sourcecode.swift; path = CurrencyExchangeCollectionViewCell.swift; sourceTree = "<group>"; };
		369A38EF25A9D5290052981F /* CurrencyConversion.app */ = {isa = PBXFileReference; explicitFileType = wrapper.application; includeInIndex = 0; path = CurrencyConversion.app; sourceTree = BUILT_PRODUCTS_DIR; };
		369A38F225A9D5290052981F /* AppDelegate.swift */ = {isa = PBXFileReference; lastKnownFileType = sourcecode.swift; path = AppDelegate.swift; sourceTree = "<group>"; };
		369A38F425A9D5290052981F /* SceneDelegate.swift */ = {isa = PBXFileReference; lastKnownFileType = sourcecode.swift; path = SceneDelegate.swift; sourceTree = "<group>"; };
		369A38FB25A9D52C0052981F /* Assets.xcassets */ = {isa = PBXFileReference; lastKnownFileType = folder.assetcatalog; path = Assets.xcassets; sourceTree = "<group>"; };
		369A38FE25A9D52C0052981F /* Base */ = {isa = PBXFileReference; lastKnownFileType = file.storyboard; name = Base; path = Base.lproj/LaunchScreen.storyboard; sourceTree = "<group>"; };
		369A390025A9D52C0052981F /* Info.plist */ = {isa = PBXFileReference; lastKnownFileType = text.plist.xml; path = Info.plist; sourceTree = "<group>"; };
/* End PBXFileReference section */

/* Begin PBXFrameworksBuildPhase section */
		369A38EC25A9D5290052981F /* Frameworks */ = {
			isa = PBXFrameworksBuildPhase;
			buildActionMask = 2147483647;
			files = (
				36838CF725A9FBB800AE937B /* Stevia in Frameworks */,
				36784D5B25ACB22E002B05ED /* Alamofire in Frameworks */,
			);
			runOnlyForDeploymentPostprocessing = 0;
		};
/* End PBXFrameworksBuildPhase section */

/* Begin PBXGroup section */
		363C648125AB121700BDF96E /* CollectionViewCells */ = {
			isa = PBXGroup;
			children = (
				36838D0D25AA470D00AE937B /* HorizontalBalanceCollectionViewCell.swift */,
				36838D1325AA742700AE937B /* CurrencyExchangeCollectionViewCell.swift */,
			);
			path = CollectionViewCells;
			sourceTree = "<group>";
		};
		363C648525AB171800BDF96E /* CollecitonView */ = {
			isa = PBXGroup;
			children = (
				363C648725AB173D00BDF96E /* CollectionReusableViews */,
			);
			path = CollecitonView;
			sourceTree = "<group>";
		};
		363C648625AB172800BDF96E /* CollectionView */ = {
			isa = PBXGroup;
			children = (
				363C648125AB121700BDF96E /* CollectionViewCells */,
			);
			path = CollectionView;
			sourceTree = "<group>";
		};
		363C648725AB173D00BDF96E /* CollectionReusableViews */ = {
			isa = PBXGroup;
			children = (
				363C648925AB177E00BDF96E /* TitleHeaderCollectionReusableView.swift */,
			);
			path = CollectionReusableViews;
			sourceTree = "<group>";
		};
		363C648825AB174100BDF96E /* UIElements */ = {
			isa = PBXGroup;
			children = (
				363C648525AB171800BDF96E /* CollecitonView */,
			);
			path = UIElements;
			sourceTree = "<group>";
		};
		36838CE425A9DEB400AE937B /* CurrencyConverter */ = {
			isa = PBXGroup;
			children = (
				36838D0125AA069600AE937B /* UIElements */,
				36838CE625A9DEC300AE937B /* CurrencyConverterPresenter.swift */,
				36838CE725A9DEC300AE937B /* CurrencyConverterWorker.swift */,
				36838CE825A9DEC300AE937B /* CurrencyConverterRouter.swift */,
				36838CE925A9DEC300AE937B /* CurrencyConverterModels.swift */,
				36838CEA25A9DEC300AE937B /* CurrencyConverterViewController.swift */,
				36838CEB25A9DEC300AE937B /* CurrencyConverterInteractor.swift */,
			);
			path = CurrencyConverter;
			sourceTree = "<group>";
		};
		36838CF325A9DEE500AE937B /* Common */ = {
			isa = PBXGroup;
			children = (
				363C648825AB174100BDF96E /* UIElements */,
			);
			path = Common;
			sourceTree = "<group>";
		};
		36838D0125AA069600AE937B /* UIElements */ = {
			isa = PBXGroup;
			children = (
				36838D0225AA072E00AE937B /* CurrencyConverterView.swift */,
				363C648625AB172800BDF96E /* CollectionView */,
			);
			path = UIElements;
			sourceTree = "<group>";
		};
		369A38E625A9D5290052981F = {
			isa = PBXGroup;
			children = (
				369A38F125A9D5290052981F /* CurrencyConversion */,
				369A38F025A9D5290052981F /* Products */,
			);
			sourceTree = "<group>";
		};
		369A38F025A9D5290052981F /* Products */ = {
			isa = PBXGroup;
			children = (
				369A38EF25A9D5290052981F /* CurrencyConversion.app */,
			);
			name = Products;
			sourceTree = "<group>";
		};
		369A38F125A9D5290052981F /* CurrencyConversion */ = {
			isa = PBXGroup;
			children = (
				36838CF325A9DEE500AE937B /* Common */,
				369A390725A9D7FB0052981F /* Scenes */,
				369A38F225A9D5290052981F /* AppDelegate.swift */,
				369A38F425A9D5290052981F /* SceneDelegate.swift */,
				369A38FB25A9D52C0052981F /* Assets.xcassets */,
				369A38FD25A9D52C0052981F /* LaunchScreen.storyboard */,
				369A390025A9D52C0052981F /* Info.plist */,
			);
			path = CurrencyConversion;
			sourceTree = "<group>";
		};
		369A390725A9D7FB0052981F /* Scenes */ = {
			isa = PBXGroup;
			children = (
				36838CE425A9DEB400AE937B /* CurrencyConverter */,
			);
			path = Scenes;
			sourceTree = "<group>";
		};
/* End PBXGroup section */

/* Begin PBXNativeTarget section */
		369A38EE25A9D5290052981F /* CurrencyConversion */ = {
			isa = PBXNativeTarget;
			buildConfigurationList = 369A390325A9D52C0052981F /* Build configuration list for PBXNativeTarget "CurrencyConversion" */;
			buildPhases = (
				369A38EB25A9D5290052981F /* Sources */,
				369A38EC25A9D5290052981F /* Frameworks */,
				369A38ED25A9D5290052981F /* Resources */,
			);
			buildRules = (
			);
			dependencies = (
			);
			name = CurrencyConversion;
			packageProductDependencies = (
				36838CF625A9FBB800AE937B /* Stevia */,
				36784D5A25ACB22E002B05ED /* Alamofire */,
			);
			productName = CurrencyConversion;
			productReference = 369A38EF25A9D5290052981F /* CurrencyConversion.app */;
			productType = "com.apple.product-type.application";
		};
/* End PBXNativeTarget section */

/* Begin PBXProject section */
		369A38E725A9D5290052981F /* Project object */ = {
			isa = PBXProject;
			attributes = {
				LastSwiftUpdateCheck = 1230;
				LastUpgradeCheck = 1230;
				TargetAttributes = {
					369A38EE25A9D5290052981F = {
						CreatedOnToolsVersion = 12.3;
					};
				};
			};
			buildConfigurationList = 369A38EA25A9D5290052981F /* Build configuration list for PBXProject "CurrencyConversion" */;
			compatibilityVersion = "Xcode 9.3";
			developmentRegion = en;
			hasScannedForEncodings = 0;
			knownRegions = (
				en,
				Base,
			);
			mainGroup = 369A38E625A9D5290052981F;
			packageReferences = (
				36838CF525A9FBB800AE937B /* XCRemoteSwiftPackageReference "Stevia" */,
				36784D5925ACB22D002B05ED /* XCRemoteSwiftPackageReference "Alamofire" */,
			);
			productRefGroup = 369A38F025A9D5290052981F /* Products */;
			projectDirPath = "";
			projectRoot = "";
			targets = (
				369A38EE25A9D5290052981F /* CurrencyConversion */,
			);
		};
/* End PBXProject section */

/* Begin PBXResourcesBuildPhase section */
		369A38ED25A9D5290052981F /* Resources */ = {
			isa = PBXResourcesBuildPhase;
			buildActionMask = 2147483647;
			files = (
				369A38FF25A9D52C0052981F /* LaunchScreen.storyboard in Resources */,
				369A38FC25A9D52C0052981F /* Assets.xcassets in Resources */,
			);
			runOnlyForDeploymentPostprocessing = 0;
		};
/* End PBXResourcesBuildPhase section */

/* Begin PBXSourcesBuildPhase section */
		369A38EB25A9D5290052981F /* Sources */ = {
			isa = PBXSourcesBuildPhase;
			buildActionMask = 2147483647;
			files = (
				36838CEE25A9DEC300AE937B /* CurrencyConverterRouter.swift in Sources */,
				36838D0325AA072E00AE937B /* CurrencyConverterView.swift in Sources */,
				36838CEC25A9DEC300AE937B /* CurrencyConverterPresenter.swift in Sources */,
				36838CF025A9DEC300AE937B /* CurrencyConverterViewController.swift in Sources */,
				369A38F325A9D5290052981F /* AppDelegate.swift in Sources */,
				36838D1425AA742700AE937B /* CurrencyExchangeCollectionViewCell.swift in Sources */,
				36838D0E25AA470E00AE937B /* HorizontalBalanceCollectionViewCell.swift in Sources */,
				36838CEF25A9DEC300AE937B /* CurrencyConverterModels.swift in Sources */,
				36838CED25A9DEC300AE937B /* CurrencyConverterWorker.swift in Sources */,
				369A38F525A9D5290052981F /* SceneDelegate.swift in Sources */,
				36838CF125A9DEC300AE937B /* CurrencyConverterInteractor.swift in Sources */,
				363C648A25AB177E00BDF96E /* TitleHeaderCollectionReusableView.swift in Sources */,
			);
			runOnlyForDeploymentPostprocessing = 0;
		};
/* End PBXSourcesBuildPhase section */

/* Begin PBXVariantGroup section */
		369A38FD25A9D52C0052981F /* LaunchScreen.storyboard */ = {
			isa = PBXVariantGroup;
			children = (
				369A38FE25A9D52C0052981F /* Base */,
			);
			name = LaunchScreen.storyboard;
			sourceTree = "<group>";
		};
/* End PBXVariantGroup section */

/* Begin XCBuildConfiguration section */
		369A390125A9D52C0052981F /* Debug */ = {
			isa = XCBuildConfiguration;
			buildSettings = {
				ALWAYS_SEARCH_USER_PATHS = NO;
				CLANG_ANALYZER_NONNULL = YES;
				CLANG_ANALYZER_NUMBER_OBJECT_CONVERSION = YES_AGGRESSIVE;
				CLANG_CXX_LANGUAGE_STANDARD = "gnu++14";
				CLANG_CXX_LIBRARY = "libc++";
				CLANG_ENABLE_MODULES = YES;
				CLANG_ENABLE_OBJC_ARC = YES;
				CLANG_ENABLE_OBJC_WEAK = YES;
				CLANG_WARN_BLOCK_CAPTURE_AUTORELEASING = YES;
				CLANG_WARN_BOOL_CONVERSION = YES;
				CLANG_WARN_COMMA = YES;
				CLANG_WARN_CONSTANT_CONVERSION = YES;
				CLANG_WARN_DEPRECATED_OBJC_IMPLEMENTATIONS = YES;
				CLANG_WARN_DIRECT_OBJC_ISA_USAGE = YES_ERROR;
				CLANG_WARN_DOCUMENTATION_COMMENTS = YES;
				CLANG_WARN_EMPTY_BODY = YES;
				CLANG_WARN_ENUM_CONVERSION = YES;
				CLANG_WARN_INFINITE_RECURSION = YES;
				CLANG_WARN_INT_CONVERSION = YES;
				CLANG_WARN_NON_LITERAL_NULL_CONVERSION = YES;
				CLANG_WARN_OBJC_IMPLICIT_RETAIN_SELF = YES;
				CLANG_WARN_OBJC_LITERAL_CONVERSION = YES;
				CLANG_WARN_OBJC_ROOT_CLASS = YES_ERROR;
				CLANG_WARN_QUOTED_INCLUDE_IN_FRAMEWORK_HEADER = YES;
				CLANG_WARN_RANGE_LOOP_ANALYSIS = YES;
				CLANG_WARN_STRICT_PROTOTYPES = YES;
				CLANG_WARN_SUSPICIOUS_MOVE = YES;
				CLANG_WARN_UNGUARDED_AVAILABILITY = YES_AGGRESSIVE;
				CLANG_WARN_UNREACHABLE_CODE = YES;
				CLANG_WARN__DUPLICATE_METHOD_MATCH = YES;
				COPY_PHASE_STRIP = NO;
				DEBUG_INFORMATION_FORMAT = dwarf;
				ENABLE_STRICT_OBJC_MSGSEND = YES;
				ENABLE_TESTABILITY = YES;
				GCC_C_LANGUAGE_STANDARD = gnu11;
				GCC_DYNAMIC_NO_PIC = NO;
				GCC_NO_COMMON_BLOCKS = YES;
				GCC_OPTIMIZATION_LEVEL = 0;
				GCC_PREPROCESSOR_DEFINITIONS = (
					"DEBUG=1",
					"$(inherited)",
				);
				GCC_WARN_64_TO_32_BIT_CONVERSION = YES;
				GCC_WARN_ABOUT_RETURN_TYPE = YES_ERROR;
				GCC_WARN_UNDECLARED_SELECTOR = YES;
				GCC_WARN_UNINITIALIZED_AUTOS = YES_AGGRESSIVE;
				GCC_WARN_UNUSED_FUNCTION = YES;
				GCC_WARN_UNUSED_VARIABLE = YES;
				IPHONEOS_DEPLOYMENT_TARGET = 14.3;
				MTL_ENABLE_DEBUG_INFO = INCLUDE_SOURCE;
				MTL_FAST_MATH = YES;
				ONLY_ACTIVE_ARCH = YES;
				SDKROOT = iphoneos;
				SWIFT_ACTIVE_COMPILATION_CONDITIONS = DEBUG;
				SWIFT_OPTIMIZATION_LEVEL = "-Onone";
			};
			name = Debug;
		};
		369A390225A9D52C0052981F /* Release */ = {
			isa = XCBuildConfiguration;
			buildSettings = {
				ALWAYS_SEARCH_USER_PATHS = NO;
				CLANG_ANALYZER_NONNULL = YES;
				CLANG_ANALYZER_NUMBER_OBJECT_CONVERSION = YES_AGGRESSIVE;
				CLANG_CXX_LANGUAGE_STANDARD = "gnu++14";
				CLANG_CXX_LIBRARY = "libc++";
				CLANG_ENABLE_MODULES = YES;
				CLANG_ENABLE_OBJC_ARC = YES;
				CLANG_ENABLE_OBJC_WEAK = YES;
				CLANG_WARN_BLOCK_CAPTURE_AUTORELEASING = YES;
				CLANG_WARN_BOOL_CONVERSION = YES;
				CLANG_WARN_COMMA = YES;
				CLANG_WARN_CONSTANT_CONVERSION = YES;
				CLANG_WARN_DEPRECATED_OBJC_IMPLEMENTATIONS = YES;
				CLANG_WARN_DIRECT_OBJC_ISA_USAGE = YES_ERROR;
				CLANG_WARN_DOCUMENTATION_COMMENTS = YES;
				CLANG_WARN_EMPTY_BODY = YES;
				CLANG_WARN_ENUM_CONVERSION = YES;
				CLANG_WARN_INFINITE_RECURSION = YES;
				CLANG_WARN_INT_CONVERSION = YES;
				CLANG_WARN_NON_LITERAL_NULL_CONVERSION = YES;
				CLANG_WARN_OBJC_IMPLICIT_RETAIN_SELF = YES;
				CLANG_WARN_OBJC_LITERAL_CONVERSION = YES;
				CLANG_WARN_OBJC_ROOT_CLASS = YES_ERROR;
				CLANG_WARN_QUOTED_INCLUDE_IN_FRAMEWORK_HEADER = YES;
				CLANG_WARN_RANGE_LOOP_ANALYSIS = YES;
				CLANG_WARN_STRICT_PROTOTYPES = YES;
				CLANG_WARN_SUSPICIOUS_MOVE = YES;
				CLANG_WARN_UNGUARDED_AVAILABILITY = YES_AGGRESSIVE;
				CLANG_WARN_UNREACHABLE_CODE = YES;
				CLANG_WARN__DUPLICATE_METHOD_MATCH = YES;
				COPY_PHASE_STRIP = NO;
				DEBUG_INFORMATION_FORMAT = "dwarf-with-dsym";
				ENABLE_NS_ASSERTIONS = NO;
				ENABLE_STRICT_OBJC_MSGSEND = YES;
				GCC_C_LANGUAGE_STANDARD = gnu11;
				GCC_NO_COMMON_BLOCKS = YES;
				GCC_WARN_64_TO_32_BIT_CONVERSION = YES;
				GCC_WARN_ABOUT_RETURN_TYPE = YES_ERROR;
				GCC_WARN_UNDECLARED_SELECTOR = YES;
				GCC_WARN_UNINITIALIZED_AUTOS = YES_AGGRESSIVE;
				GCC_WARN_UNUSED_FUNCTION = YES;
				GCC_WARN_UNUSED_VARIABLE = YES;
				IPHONEOS_DEPLOYMENT_TARGET = 14.3;
				MTL_ENABLE_DEBUG_INFO = NO;
				MTL_FAST_MATH = YES;
				OTHER_LDFLAGS = "";
				SDKROOT = iphoneos;
				SWIFT_COMPILATION_MODE = wholemodule;
				SWIFT_OPTIMIZATION_LEVEL = "-O";
				VALIDATE_PRODUCT = YES;
			};
			name = Release;
		};
		369A390425A9D52C0052981F /* Debug */ = {
			isa = XCBuildConfiguration;
			buildSettings = {
				ASSETCATALOG_COMPILER_APPICON_NAME = AppIcon;
				ASSETCATALOG_COMPILER_GLOBAL_ACCENT_COLOR_NAME = AccentColor;
				CODE_SIGN_STYLE = Automatic;
				DEVELOPMENT_TEAM = 9MJ38633DC;
				INFOPLIST_FILE = CurrencyConversion/Info.plist;
				LD_RUNPATH_SEARCH_PATHS = (
					"$(inherited)",
					"@executable_path/Frameworks",
				);
				PRODUCT_BUNDLE_IDENTIFIER = project.CurrencyConversion;
				PRODUCT_NAME = "$(TARGET_NAME)";
				SWIFT_VERSION = 5.0;
				TARGETED_DEVICE_FAMILY = "1,2";
			};
			name = Debug;
		};
		369A390525A9D52C0052981F /* Release */ = {
			isa = XCBuildConfiguration;
			buildSettings = {
				ASSETCATALOG_COMPILER_APPICON_NAME = AppIcon;
				ASSETCATALOG_COMPILER_GLOBAL_ACCENT_COLOR_NAME = AccentColor;
				CODE_SIGN_STYLE = Automatic;
				DEVELOPMENT_TEAM = 9MJ38633DC;
				INFOPLIST_FILE = CurrencyConversion/Info.plist;
				LD_RUNPATH_SEARCH_PATHS = (
					"$(inherited)",
					"@executable_path/Frameworks",
				);
				PRODUCT_BUNDLE_IDENTIFIER = project.CurrencyConversion;
				PRODUCT_NAME = "$(TARGET_NAME)";
				SWIFT_VERSION = 5.0;
				TARGETED_DEVICE_FAMILY = "1,2";
			};
			name = Release;
		};
/* End XCBuildConfiguration section */

/* Begin XCConfigurationList section */
		369A38EA25A9D5290052981F /* Build configuration list for PBXProject "CurrencyConversion" */ = {
			isa = XCConfigurationList;
			buildConfigurations = (
				369A390125A9D52C0052981F /* Debug */,
				369A390225A9D52C0052981F /* Release */,
			);
			defaultConfigurationIsVisible = 0;
			defaultConfigurationName = Release;
		};
		369A390325A9D52C0052981F /* Build configuration list for PBXNativeTarget "CurrencyConversion" */ = {
			isa = XCConfigurationList;
			buildConfigurations = (
				369A390425A9D52C0052981F /* Debug */,
				369A390525A9D52C0052981F /* Release */,
			);
			defaultConfigurationIsVisible = 0;
			defaultConfigurationName = Release;
		};
/* End XCConfigurationList section */

/* Begin XCRemoteSwiftPackageReference section */
		36784D5925ACB22D002B05ED /* XCRemoteSwiftPackageReference "Alamofire" */ = {
			isa = XCRemoteSwiftPackageReference;
			repositoryURL = "https://github.com/Alamofire/Alamofire.git";
			requirement = {
				kind = upToNextMajorVersion;
				minimumVersion = 5.4.1;
			};
		};
		36838CF525A9FBB800AE937B /* XCRemoteSwiftPackageReference "Stevia" */ = {
			isa = XCRemoteSwiftPackageReference;
			repositoryURL = "https://github.com/freshOS/Stevia";
			requirement = {
				kind = upToNextMajorVersion;
				minimumVersion = 5.1.1;
			};
		};
/* End XCRemoteSwiftPackageReference section */

/* Begin XCSwiftPackageProductDependency section */
		36784D5A25ACB22E002B05ED /* Alamofire */ = {
			isa = XCSwiftPackageProductDependency;
			package = 36784D5925ACB22D002B05ED /* XCRemoteSwiftPackageReference "Alamofire" */;
			productName = Alamofire;
		};
		36838CF625A9FBB800AE937B /* Stevia */ = {
			isa = XCSwiftPackageProductDependency;
			package = 36838CF525A9FBB800AE937B /* XCRemoteSwiftPackageReference "Stevia" */;
			productName = Stevia;
		};
/* End XCSwiftPackageProductDependency section */
	};
	rootObject = 369A38E725A9D5290052981F /* Project object */;
}
